
Microsoft Visual Studio Solution File, Format Version 12.00
# Visual Studio Version 17
VisualStudioVersion = 17.12.35521.163 d17.12
MinimumVisualStudioVersion = 10.0.40219.1
Project("{FAE04EC0-301F-11D3-BF4B-00C04F79EFBC}") = "Instalogik.Assembly.Ide", "Instalogik.Assembly.Ide\Instalogik.Assembly.Ide\Instalogik.Assembly.Ide.csproj", "{36AADE36-DBA6-4BAD-B64F-F835D2DF9194}"
EndProject
Project("{FAE04EC0-301F-11D3-BF4B-00C04F79EFBC}") = "Instalogik.Assembly.Ide.Client", "Instalogik.Assembly.Ide\Instalogik.Assembly.Ide.Client\Instalogik.Assembly.Ide.Client.csproj", "{BE34C578-4082-4F34-AD7B-116DE7AF565D}"
EndProject
Global
	GlobalSection(SolutionConfigurationPlatforms) = preSolution
		Debug|Any CPU = Debug|Any CPU
		Release|Any CPU = Release|Any CPU
	EndGlobalSection
	GlobalSection(ProjectConfigurationPlatforms) = postSolution
		{36AADE36-DBA6-4BAD-B64F-F835D2DF9194}.Debug|Any CPU.ActiveCfg = Debug|Any CPU
		{36AADE36-DBA6-4BAD-B64F-F835D2DF9194}.Debug|Any CPU.Build.0 = Debug|Any CPU
		{36AADE36-DBA6-4BAD-B64F-F835D2DF9194}.Release|Any CPU.ActiveCfg = Release|Any CPU
		{36AADE36-DBA6-4BAD-B64F-F835D2DF9194}.Release|Any CPU.Build.0 = Release|Any CPU
		{BE34C578-4082-4F34-AD7B-116DE7AF565D}.Debug|Any CPU.ActiveCfg = Debug|Any CPU
		{BE34C578-4082-4F34-AD7B-116DE7AF565D}.Debug|Any CPU.Build.0 = Debug|Any CPU
		{BE34C578-4082-4F34-AD7B-116DE7AF565D}.Release|Any CPU.ActiveCfg = Release|Any CPU
		{BE34C578-4082-4F34-AD7B-116DE7AF565D}.Release|Any CPU.Build.0 = Release|Any CPU
	EndGlobalSection
	GlobalSection(SolutionProperties) = preSolution
		HideSolutionNode = FALSE
	EndGlobalSection
EndGlobal
